# This file is autogenerated, do not edit; changes may be undone by the next 'dep ensure'.


[[projects]]
  digest = "1:ffe9824d294da03b391f44e1ae8281281b4afc1bdaa9588c9097785e3af10cec"
  name = "github.com/davecgh/go-spew"
  packages = ["spew"]
  pruneopts = "UT"
  revision = "8991bc29aa16c548c550c7ff78260e27b9ab7c73"
  version = "v1.1.1"

[[projects]]
  branch = "master"
  digest = "1:877f8eb23c79e9eca3a2adc79de8910a52e238cb97e9c5dd59feb628b44740cb"
  name = "github.com/facebookgo/ensure"
  packages = ["."]
  pruneopts = "UT"
  revision = "b4ab57deab51ee655ae4bd85281f0715a068016d"

[[projects]]
  branch = "master"
  digest = "1:9a023ac8c30a6871d3fc94c9c0b5a0639ede096c351fd6cdcd7268fe9cb95af2"
  name = "github.com/facebookgo/stack"
  packages = ["."]
  pruneopts = "UT"
  revision = "751773369052141c013c6e827a71e8f35c07879c"

[[projects]]
  branch = "master"
  digest = "1:7e1fe99c25eff4d1e0c68aaeeb8e7d85e3b1b4223a9bb0291beb2d1187c6842f"
  name = "github.com/facebookgo/subset"
  packages = ["."]
  pruneopts = "UT"
  revision = "8dac2c3c48703541e481feddf22975953d4ff842"

[[projects]]
  digest = "1:aba5dd7a1a4fa837ba58827bc050e2a0f3652c84a07df86c2f61ab374d0899b6"
  name = "github.com/gogo/protobuf"
  packages = [
    "gogoproto",
    "proto",
    "protoc-gen-gogo/descriptor",
    "sortkeys",
    "types",
  ]
  pruneopts = "UT"
  revision = "636bf0302bc95575d69441b25a2603156ffdddf1"
  version = "v1.1.1"

[[projects]]
  branch = "master"
  digest = "1:1ba1d79f2810270045c328ae5d674321db34e3aae468eb4233883b473c5c0467"
  name = "github.com/golang/glog"
  packages = ["."]
  pruneopts = "UT"
  revision = "23def4e6c14b4da8ac2ed8007337bc5eb5007998"

[[projects]]
  digest = "1:a62049a8fa554d688c8db4845c65ddcd5986b75f3a851e4fb563c6893d292e38"
  name = "github.com/golang/mock"
  packages = ["gomock"]
  pruneopts = "UT"
  revision = "13f360950a79f5864a972c786a10a50e44b69541"
  version = "v1.0.0"

[[projects]]
  branch = "master"
  digest = "1:4a0c6bb4805508a6287675fac876be2ac1182539ca8a32468d8128882e9d5009"
  name = "github.com/golang/snappy"
  packages = ["."]
  pruneopts = "UT"
  revision = "2e65f85255dbc3072edf28d6b5b8efc472979f5a"

[[projects]]
  branch = "master"
  digest = "1:86a20be6521099053b7a0f341b2202254641d0ed5a481b25e5b1d736deb14f2b"
  name = "github.com/gxed/hashland"
  packages = ["keccakpg"]
  pruneopts = "UT"
  revision = "d9f6b97f8db22dd1e090fd0bbbe98f09cc7dd0a8"

[[projects]]
  branch = "master"
  digest = "1:5d9cafcf1da8177b6b08e27d8c5b1fd3b57f308702bbab7383fa14fb5d7ddacf"
  name = "github.com/invin/gorocksdb"
  packages = ["."]
  pruneopts = "UT"
  revision = "925c31f2d5b5cde15e12d6bc8ef19f6821419831"

[[projects]]
  branch = "master"
  digest = "1:d4f705e1c80842d93039d360b5f240099c2c9f835daa8d32dc3e899fbd8ff2b4"
  name = "github.com/jbenet/goprocess"
  packages = ["."]
  pruneopts = "UT"
  revision = "b497e2f366b8624394fb2e89c10ab607bebdde0b"

[[projects]]
  branch = "master"
  digest = "1:130cefe87d7eeefc824978dcb78e35672d4c49a11f25c153fbf0cfd952756fa3"
  name = "github.com/minio/blake2b-simd"
  packages = ["."]
  pruneopts = "UT"
  revision = "3f5f724cb5b182a5c278d6d3d55b40e7f8c2efb4"

[[projects]]
  branch = "master"
  digest = "1:17e048d1af8833670439d1ad0c92305fc1ad503e5d03f37ee667c0074df0fd03"
  name = "github.com/minio/sha256-simd"
  packages = ["."]
  pruneopts = "UT"
  revision = "ad98a36ba0da87206e3378c556abbfeaeaa98668"

[[projects]]
  branch = "master"
  digest = "1:b9b9f43a8a410d633e6547f89e830926741070941f2243d4d3a0bb154f565c9e"
  name = "github.com/mr-tron/base58"
  packages = ["base58"]
  pruneopts = "UT"
  revision = "f84df45a6b88974a98d1473e9f0de0eac859a3d9"

[[projects]]
  digest = "1:93e03541a8775ed6f7de497a20af8b7307833b6b112035e4e4c551fa6eeb6404"
  name = "github.com/multiformats/go-multiaddr"
  packages = ["."]
  pruneopts = "UT"
  revision = "f36800afeb9c141e1adb7da099e6f010dfd4c419"
  version = "v1.2.7"

[[projects]]
  digest = "1:366fc9e8771a5bae7369aa1740cef4771380c01ce6444c58ce7a70bac5a45f31"
  name = "github.com/multiformats/go-multiaddr-net"
  packages = ["."]
  pruneopts = "UT"
  revision = "4d4b901d1729f55ee20cc0c8d8021aa58eb5ebe3"
  version = "v1.6.2"

[[projects]]
  digest = "1:9c1338e1160fb14ab4cd2f5062712ac5105ec55d6b1121d199b62b614fe8f187"
  name = "github.com/multiformats/go-multihash"
  packages = ["."]
  pruneopts = "UT"
  revision = "8be2a682ab9f254311de1375145a2f78a809b07d"
  version = "v1.0.8"

[[projects]]
  digest = "1:40e195917a951a8bf867cd05de2a46aaf1806c50cf92eebf4c16f78cd196f747"
  name = "github.com/pkg/errors"
  packages = ["."]
  pruneopts = "UT"
  revision = "645ef00459ed84a119197bfb8d8205042c6df63d"
  version = "v0.8.0"

[[projects]]
  digest = "1:36a75ab002c1cfb43bcc5d2ec10fbdc2a1136e9246a65e535f1d827435f28f17"
  name = "github.com/sirupsen/logrus"
  packages = ["."]
  pruneopts = "UT"
  revision = "418b41d23a1bf978c06faea5313ba194650ac088"
  version = "v0.8.7"

[[projects]]
  digest = "1:919bb3aa6d9d0b67648c219fa4925312bc3c2872da19e818fa769e9c97a2b643"
  name = "github.com/spaolacci/murmur3"
  packages = ["."]
  pruneopts = "UT"
  revision = "9f5d223c60793748f04a9d5b4b4eacddfc1f755d"
  version = "v1.1"

[[projects]]
  branch = "master"
  digest = "1:922191411ad8f61bcd8018ac127589bb489712c1d1a0ab2497aca4b16de417d2"
  name = "github.com/syndtr/goleveldb"
  packages = [
    "leveldb",
    "leveldb/cache",
    "leveldb/comparer",
    "leveldb/errors",
    "leveldb/filter",
    "leveldb/iterator",
    "leveldb/journal",
    "leveldb/memdb",
    "leveldb/opt",
    "leveldb/storage",
    "leveldb/table",
    "leveldb/util",
  ]
  pruneopts = "UT"
  revision = "c4c61651e9e37fa117f53c5a906d3b63090d8445"

[[projects]]
  branch = "master"
  digest = "1:fe22f59bad97c0ea1dc6e155e38d78ed5430f54b63b5a34e7cbdbdadf9cbae6a"
  name = "golang.org/x/crypto"
  packages = [
    "blake2s",
    "sha3",
  ]
  pruneopts = "UT"
  revision = "614d502a4dac94afa3a6ce146bd1736da82514c6"

[[projects]]
  branch = "master"
  digest = "1:8392490b249a3602a13813be12324d3b16eca044ae185ff32cdd9e267706e208"
  name = "golang.org/x/sys"
  packages = ["cpu"]
  pruneopts = "UT"
  revision = "3b58ed4ad3395d483fc92d5d14123ce2c3581fec"

[solve-meta]
  analyzer-name = "dep"
  analyzer-version = 1
  input-imports = [
    "github.com/facebookgo/ensure",
    "github.com/gogo/protobuf/gogoproto",
    "github.com/gogo/protobuf/proto",
    "github.com/gogo/protobuf/types",
    "github.com/golang/glog",
    "github.com/golang/mock/gomock",
    "github.com/invin/gorocksdb",
    "github.com/jbenet/goprocess",
    "github.com/minio/blake2b-simd",
    "github.com/multiformats/go-multiaddr",
    "github.com/multiformats/go-multiaddr-net",
    "github.com/pkg/errors",
    "github.com/sirupsen/logrus",
    "github.com/syndtr/goleveldb/leveldb",
    "github.com/syndtr/goleveldb/leveldb/errors",
    "github.com/syndtr/goleveldb/leveldb/opt",
    "github.com/syndtr/goleveldb/leveldb/storage",
    "github.com/syndtr/goleveldb/leveldb/util",
  ]
  solver-name = "gps-cdcl"
  solver-version = 1
